
Microsoft Visual Studio Solution File, Format Version 12.00
# Visual Studio Version 17
VisualStudioVersion = 17.7.34031.279
MinimumVisualStudioVersion = 10.0.40219.1
Project("{FAE04EC0-301F-11D3-BF4B-00C04F79EFBC}") = "Module13.13", "Module13.13\Module13.13.csproj", "{812D1CDD-F92F-4B3D-97BF-E8E70D3C8CC0}"
EndProject
Global
	GlobalSection(SolutionConfigurationPlatforms) = preSolution
		Debug|Any CPU = Debug|Any CPU
		Release|Any CPU = Release|Any CPU
	EndGlobalSection
	GlobalSection(ProjectConfigurationPlatforms) = postSolution
		{812D1CDD-F92F-4B3D-97BF-E8E70D3C8CC0}.Debug|Any CPU.ActiveCfg = Debug|Any CPU
		{812D1CDD-F92F-4B3D-97BF-E8E70D3C8CC0}.Debug|Any CPU.Build.0 = Debug|Any CPU
		{812D1CDD-F92F-4B3D-97BF-E8E70D3C8CC0}.Release|Any CPU.ActiveCfg = Release|Any CPU
		{812D1CDD-F92F-4B3D-97BF-E8E70D3C8CC0}.Release|Any CPU.Build.0 = Release|Any CPU
	EndGlobalSection
	GlobalSection(SolutionProperties) = preSolution
		HideSolutionNode = FALSE
	EndGlobalSection
	GlobalSection(ExtensibilityGlobals) = postSolution
		SolutionGuid = {4FF4E8CC-A026-4BAE-8DF7-E8FF90814F28}
	EndGlobalSection
EndGlobal
